
Microsoft Visual Studio Solution File, Format Version 12.00
# Visual Studio Version 17
VisualStudioVersion = 17.4.33103.184
MinimumVisualStudioVersion = 10.0.40219.1
Project("{FAE04EC0-301F-11D3-BF4B-00C04F79EFBC}") = "NZWalks.API", "NZWalks.API\NZWalks.API.csproj", "{1D03637D-CAB6-4D85-8416-6B5E446FF644}"
EndProject
Global
	GlobalSection(SolutionConfigurationPlatforms) = preSolution
		Debug|Any CPU = Debug|Any CPU
		Release|Any CPU = Release|Any CPU
	EndGlobalSection
	GlobalSection(ProjectConfigurationPlatforms) = postSolution
		{1D03637D-CAB6-4D85-8416-6B5E446FF644}.Debug|Any CPU.ActiveCfg = Debug|Any CPU
		{1D03637D-CAB6-4D85-8416-6B5E446FF644}.Debug|Any CPU.Build.0 = Debug|Any CPU
		{1D03637D-CAB6-4D85-8416-6B5E446FF644}.Release|Any CPU.ActiveCfg = Release|Any CPU
		{1D03637D-CAB6-4D85-8416-6B5E446FF644}.Release|Any CPU.Build.0 = Release|Any CPU
	EndGlobalSection
	GlobalSection(SolutionProperties) = preSolution
		HideSolutionNode = FALSE
	EndGlobalSection
	GlobalSection(ExtensibilityGlobals) = postSolution
		SolutionGuid = {C321576C-B3C0-44EC-AF29-E25F11DB46C8}
	EndGlobalSection
EndGlobal
